
Microsoft Visual Studio Solution File, Format Version 12.00
# Visual Studio Version 17
VisualStudioVersion = 17.0.31919.166
MinimumVisualStudioVersion = 10.0.40219.1
Project("{8BC9CEB8-8B4A-11D0-8D11-00A0C91BC942}") = "001_1 proizvod", "001_1 proizvod\001_1 proizvod.vcxproj", "{45152087-C3B8-4AE4-9CF1-213F7AA7F12D}"
EndProject
Project("{8BC9CEB8-8B4A-11D0-8D11-00A0C91BC942}") = "001_2 svojstva proizvoda", "001_2 svojstva proizvoda\001_2 svojstva proizvoda.vcxproj", "{3B351E13-B277-4444-8B5E-F0B6A0E79144}"
EndProject
Project("{8BC9CEB8-8B4A-11D0-8D11-00A0C91BC942}") = "001_3 pica", "001_3 pica\001_3 pica.vcxproj", "{A437F6BC-DD20-40AF-B050-93B091E39D3B}"
EndProject
Project("{8BC9CEB8-8B4A-11D0-8D11-00A0C91BC942}") = "002_1 proizvod", "002_1 proizvod\002_1 proizvod.vcxproj", "{C191991E-3E46-4B29-9861-FB1DEC92D892}"
EndProject
Project("{8BC9CEB8-8B4A-11D0-8D11-00A0C91BC942}") = "002_2 muzicka kutija", "002_2 muzicka kutija\002_2 muzicka kutija.vcxproj", "{76BE2EC7-553B-48AD-9A5F-ECB538FA4C94}"
EndProject
Project("{8BC9CEB8-8B4A-11D0-8D11-00A0C91BC942}") = "007_1 implementator", "007_1 implementator\007_1 implementator.vcxproj", "{C0B3AC62-3A33-4D85-95A3-99C875C29514}"
EndProject
Project("{8BC9CEB8-8B4A-11D0-8D11-00A0C91BC942}") = "007_2 prevod", "007_2 prevod\007_2 prevod.vcxproj", "{2A655E03-8A83-4F77-A369-6DC026EA3618}"
EndProject
Project("{8BC9CEB8-8B4A-11D0-8D11-00A0C91BC942}") = "007_3 stack", "007_3 stack\007_3 stack.vcxproj", "{FB1636AF-C147-4B34-B793-B1D3BFCA6EAD}"
EndProject
Project("{8BC9CEB8-8B4A-11D0-8D11-00A0C91BC942}") = "008_1 json", "008_1 json\008_1 json.vcxproj", "{03AF37CD-7D28-4DD8-ADAB-0477F0D1223D}"
EndProject
Project("{8BC9CEB8-8B4A-11D0-8D11-00A0C91BC942}") = "003_2 ibutton", "003_2 ibutton\003_2 ibutton.vcxproj", "{BD4A2B0D-6A0E-4772-BF6C-91269D40084B}"
EndProject
Project("{8BC9CEB8-8B4A-11D0-8D11-00A0C91BC942}") = "004_1 uml dijagram", "004_1 uml dijagram\004_1 uml dijagram.vcxproj", "{3DB27293-B6BB-442B-8EF7-78D683F38033}"
EndProject
Project("{8BC9CEB8-8B4A-11D0-8D11-00A0C91BC942}") = "003_1 uml dijagram", "003_1 uml dijagram\003_1 uml dijagram.vcxproj", "{A65A0C8A-D35F-44B2-A5F0-8CE555D3008E}"
EndProject
Project("{8BC9CEB8-8B4A-11D0-8D11-00A0C91BC942}") = "001 LAB", "001 LAB\001 LAB.vcxproj", "{7A20FF92-04F5-495E-BFB4-AAD6421FF946}"
EndProject
Project("{8BC9CEB8-8B4A-11D0-8D11-00A0C91BC942}") = "004_2 fabrika namestaja i soba", "004_2 fabrika namestaja i soba\004_2 fabrika namestaja i soba.vcxproj", "{74C01B9A-820C-4C9A-B163-BF96DF94B2BC}"
EndProject
Project("{8BC9CEB8-8B4A-11D0-8D11-00A0C91BC942}") = "011_1 uml dijagram", "011_1 uml dijagram\011_1 uml dijagram.vcxproj", "{0FAB72BC-1F89-46D1-BFEC-A0A698C240B5}"
EndProject
Project("{8BC9CEB8-8B4A-11D0-8D11-00A0C91BC942}") = "011_2 internet service", "011_2 internet service\011_2 internet service.vcxproj", "{6FDC8714-EF68-41D7-AB40-B55A983BC7E5}"
EndProject
Project("{8BC9CEB8-8B4A-11D0-8D11-00A0C91BC942}") = "011_3 image", "011_3 image\011_3 image.vcxproj", "{BB2D9ED4-5BE4-4C07-8398-C1508C730038}"
EndProject
Project("{8BC9CEB8-8B4A-11D0-8D11-00A0C91BC942}") = "011_4 vektori", "011_4 vektori\011_4 vektori.vcxproj", "{E53FE021-5030-4ED1-8E51-1E4E97CFC55F}"
EndProject
Project("{8BC9CEB8-8B4A-11D0-8D11-00A0C91BC942}") = "013_1", "013_1\013_1.vcxproj", "{EC86B284-92EA-4A2F-B9FF-3BAE4F1B76A1}"
EndProject
Project("{8BC9CEB8-8B4A-11D0-8D11-00A0C91BC942}") = "014_1.cpp", "014_1.cpp\014_1.cpp.vcxproj", "{A0E2E02A-73AE-4D37-9FAD-F3F5952F014C}"
EndProject
Project("{8BC9CEB8-8B4A-11D0-8D11-00A0C91BC942}") = "015_2 web page", "015_2 web page\015_2 web page.vcxproj", "{B230E5F7-F6CD-4F11-A85C-B70353BA6D44}"
EndProject
Project("{8BC9CEB8-8B4A-11D0-8D11-00A0C91BC942}") = "016_1 command document", "16_1 command document\16_1 command document.vcxproj", "{F1F808F6-01B6-46FD-A49F-D3195A943B22}"
EndProject
Project("{8BC9CEB8-8B4A-11D0-8D11-00A0C91BC942}") = "017_1", "017_1\017_1.vcxproj", "{39086659-6DF1-4CF3-8760-DD6828A595A9}"
EndProject
Project("{8BC9CEB8-8B4A-11D0-8D11-00A0C91BC942}") = "018_1", "018_1\018_1.vcxproj", "{354C0B36-1D83-4ABC-A6B5-AA0660A12E65}"
EndProject
Project("{8BC9CEB8-8B4A-11D0-8D11-00A0C91BC942}") = "015_2 logger", "015_2 logger\015_2 logger.vcxproj", "{3BC07CEE-889A-4374-85D7-15F09178DE19}"
EndProject
Global
	GlobalSection(SolutionConfigurationPlatforms) = preSolution
		Debug|x64 = Debug|x64
		Debug|x86 = Debug|x86
		Release|x64 = Release|x64
		Release|x86 = Release|x86
	EndGlobalSection
	GlobalSection(ProjectConfigurationPlatforms) = postSolution
		{45152087-C3B8-4AE4-9CF1-213F7AA7F12D}.Debug|x64.ActiveCfg = Debug|x64
		{45152087-C3B8-4AE4-9CF1-213F7AA7F12D}.Debug|x64.Build.0 = Debug|x64
		{45152087-C3B8-4AE4-9CF1-213F7AA7F12D}.Debug|x86.ActiveCfg = Debug|Win32
		{45152087-C3B8-4AE4-9CF1-213F7AA7F12D}.Debug|x86.Build.0 = Debug|Win32
		{45152087-C3B8-4AE4-9CF1-213F7AA7F12D}.Release|x64.ActiveCfg = Release|x64
		{45152087-C3B8-4AE4-9CF1-213F7AA7F12D}.Release|x64.Build.0 = Release|x64
		{45152087-C3B8-4AE4-9CF1-213F7AA7F12D}.Release|x86.ActiveCfg = Release|Win32
		{45152087-C3B8-4AE4-9CF1-213F7AA7F12D}.Release|x86.Build.0 = Release|Win32
		{3B351E13-B277-4444-8B5E-F0B6A0E79144}.Debug|x64.ActiveCfg = Debug|x64
		{3B351E13-B277-4444-8B5E-F0B6A0E79144}.Debug|x64.Build.0 = Debug|x64
		{3B351E13-B277-4444-8B5E-F0B6A0E79144}.Debug|x86.ActiveCfg = Debug|Win32
		{3B351E13-B277-4444-8B5E-F0B6A0E79144}.Debug|x86.Build.0 = Debug|Win32
		{3B351E13-B277-4444-8B5E-F0B6A0E79144}.Release|x64.ActiveCfg = Release|x64
		{3B351E13-B277-4444-8B5E-F0B6A0E79144}.Release|x64.Build.0 = Release|x64
		{3B351E13-B277-4444-8B5E-F0B6A0E79144}.Release|x86.ActiveCfg = Release|Win32
		{3B351E13-B277-4444-8B5E-F0B6A0E79144}.Release|x86.Build.0 = Release|Win32
		{A437F6BC-DD20-40AF-B050-93B091E39D3B}.Debug|x64.ActiveCfg = Debug|x64
		{A437F6BC-DD20-40AF-B050-93B091E39D3B}.Debug|x64.Build.0 = Debug|x64
		{A437F6BC-DD20-40AF-B050-93B091E39D3B}.Debug|x86.ActiveCfg = Debug|Win32
		{A437F6BC-DD20-40AF-B050-93B091E39D3B}.Debug|x86.Build.0 = Debug|Win32
		{A437F6BC-DD20-40AF-B050-93B091E39D3B}.Release|x64.ActiveCfg = Release|x64
		{A437F6BC-DD20-40AF-B050-93B091E39D3B}.Release|x64.Build.0 = Release|x64
		{A437F6BC-DD20-40AF-B050-93B091E39D3B}.Release|x86.ActiveCfg = Release|Win32
		{A437F6BC-DD20-40AF-B050-93B091E39D3B}.Release|x86.Build.0 = Release|Win32
		{C191991E-3E46-4B29-9861-FB1DEC92D892}.Debug|x64.ActiveCfg = Debug|x64
		{C191991E-3E46-4B29-9861-FB1DEC92D892}.Debug|x64.Build.0 = Debug|x64
		{C191991E-3E46-4B29-9861-FB1DEC92D892}.Debug|x86.ActiveCfg = Debug|Win32
		{C191991E-3E46-4B29-9861-FB1DEC92D892}.Debug|x86.Build.0 = Debug|Win32
		{C191991E-3E46-4B29-9861-FB1DEC92D892}.Release|x64.ActiveCfg = Release|x64
		{C191991E-3E46-4B29-9861-FB1DEC92D892}.Release|x64.Build.0 = Release|x64
		{C191991E-3E46-4B29-9861-FB1DEC92D892}.Release|x86.ActiveCfg = Release|Win32
		{C191991E-3E46-4B29-9861-FB1DEC92D892}.Release|x86.Build.0 = Release|Win32
		{76BE2EC7-553B-48AD-9A5F-ECB538FA4C94}.Debug|x64.ActiveCfg = Debug|x64
		{76BE2EC7-553B-48AD-9A5F-ECB538FA4C94}.Debug|x64.Build.0 = Debug|x64
		{76BE2EC7-553B-48AD-9A5F-ECB538FA4C94}.Debug|x86.ActiveCfg = Debug|Win32
		{76BE2EC7-553B-48AD-9A5F-ECB538FA4C94}.Debug|x86.Build.0 = Debug|Win32
		{76BE2EC7-553B-48AD-9A5F-ECB538FA4C94}.Release|x64.ActiveCfg = Release|x64
		{76BE2EC7-553B-48AD-9A5F-ECB538FA4C94}.Release|x64.Build.0 = Release|x64
		{76BE2EC7-553B-48AD-9A5F-ECB538FA4C94}.Release|x86.ActiveCfg = Release|Win32
		{76BE2EC7-553B-48AD-9A5F-ECB538FA4C94}.Release|x86.Build.0 = Release|Win32
		{C0B3AC62-3A33-4D85-95A3-99C875C29514}.Debug|x64.ActiveCfg = Debug|x64
		{C0B3AC62-3A33-4D85-95A3-99C875C29514}.Debug|x64.Build.0 = Debug|x64
		{C0B3AC62-3A33-4D85-95A3-99C875C29514}.Debug|x86.ActiveCfg = Debug|Win32
		{C0B3AC62-3A33-4D85-95A3-99C875C29514}.Debug|x86.Build.0 = Debug|Win32
		{C0B3AC62-3A33-4D85-95A3-99C875C29514}.Release|x64.ActiveCfg = Release|x64
		{C0B3AC62-3A33-4D85-95A3-99C875C29514}.Release|x64.Build.0 = Release|x64
		{C0B3AC62-3A33-4D85-95A3-99C875C29514}.Release|x86.ActiveCfg = Release|Win32
		{C0B3AC62-3A33-4D85-95A3-99C875C29514}.Release|x86.Build.0 = Release|Win32
		{2A655E03-8A83-4F77-A369-6DC026EA3618}.Debug|x64.ActiveCfg = Debug|x64
		{2A655E03-8A83-4F77-A369-6DC026EA3618}.Debug|x64.Build.0 = Debug|x64
		{2A655E03-8A83-4F77-A369-6DC026EA3618}.Debug|x86.ActiveCfg = Debug|Win32
		{2A655E03-8A83-4F77-A369-6DC026EA3618}.Debug|x86.Build.0 = Debug|Win32
		{2A655E03-8A83-4F77-A369-6DC026EA3618}.Release|x64.ActiveCfg = Release|x64
		{2A655E03-8A83-4F77-A369-6DC026EA3618}.Release|x64.Build.0 = Release|x64
		{2A655E03-8A83-4F77-A369-6DC026EA3618}.Release|x86.ActiveCfg = Release|Win32
		{2A655E03-8A83-4F77-A369-6DC026EA3618}.Release|x86.Build.0 = Release|Win32
		{FB1636AF-C147-4B34-B793-B1D3BFCA6EAD}.Debug|x64.ActiveCfg = Debug|x64
		{FB1636AF-C147-4B34-B793-B1D3BFCA6EAD}.Debug|x64.Build.0 = Debug|x64
		{FB1636AF-C147-4B34-B793-B1D3BFCA6EAD}.Debug|x86.ActiveCfg = Debug|Win32
		{FB1636AF-C147-4B34-B793-B1D3BFCA6EAD}.Debug|x86.Build.0 = Debug|Win32
		{FB1636AF-C147-4B34-B793-B1D3BFCA6EAD}.Release|x64.ActiveCfg = Release|x64
		{FB1636AF-C147-4B34-B793-B1D3BFCA6EAD}.Release|x64.Build.0 = Release|x64
		{FB1636AF-C147-4B34-B793-B1D3BFCA6EAD}.Release|x86.ActiveCfg = Release|Win32
		{FB1636AF-C147-4B34-B793-B1D3BFCA6EAD}.Release|x86.Build.0 = Release|Win32
		{03AF37CD-7D28-4DD8-ADAB-0477F0D1223D}.Debug|x64.ActiveCfg = Debug|x64
		{03AF37CD-7D28-4DD8-ADAB-0477F0D1223D}.Debug|x64.Build.0 = Debug|x64
		{03AF37CD-7D28-4DD8-ADAB-0477F0D1223D}.Debug|x86.ActiveCfg = Debug|Win32
		{03AF37CD-7D28-4DD8-ADAB-0477F0D1223D}.Debug|x86.Build.0 = Debug|Win32
		{03AF37CD-7D28-4DD8-ADAB-0477F0D1223D}.Release|x64.ActiveCfg = Release|x64
		{03AF37CD-7D28-4DD8-ADAB-0477F0D1223D}.Release|x64.Build.0 = Release|x64
		{03AF37CD-7D28-4DD8-ADAB-0477F0D1223D}.Release|x86.ActiveCfg = Release|Win32
		{03AF37CD-7D28-4DD8-ADAB-0477F0D1223D}.Release|x86.Build.0 = Release|Win32
		{BD4A2B0D-6A0E-4772-BF6C-91269D40084B}.Debug|x64.ActiveCfg = Debug|x64
		{BD4A2B0D-6A0E-4772-BF6C-91269D40084B}.Debug|x64.Build.0 = Debug|x64
		{BD4A2B0D-6A0E-4772-BF6C-91269D40084B}.Debug|x86.ActiveCfg = Debug|Win32
		{BD4A2B0D-6A0E-4772-BF6C-91269D40084B}.Debug|x86.Build.0 = Debug|Win32
		{BD4A2B0D-6A0E-4772-BF6C-91269D40084B}.Release|x64.ActiveCfg = Release|x64
		{BD4A2B0D-6A0E-4772-BF6C-91269D40084B}.Release|x64.Build.0 = Release|x64
		{BD4A2B0D-6A0E-4772-BF6C-91269D40084B}.Release|x86.ActiveCfg = Release|Win32
		{BD4A2B0D-6A0E-4772-BF6C-91269D40084B}.Release|x86.Build.0 = Release|Win32
		{3DB27293-B6BB-442B-8EF7-78D683F38033}.Debug|x64.ActiveCfg = Debug|x64
		{3DB27293-B6BB-442B-8EF7-78D683F38033}.Debug|x64.Build.0 = Debug|x64
		{3DB27293-B6BB-442B-8EF7-78D683F38033}.Debug|x86.ActiveCfg = Debug|Win32
		{3DB27293-B6BB-442B-8EF7-78D683F38033}.Debug|x86.Build.0 = Debug|Win32
		{3DB27293-B6BB-442B-8EF7-78D683F38033}.Release|x64.ActiveCfg = Release|x64
		{3DB27293-B6BB-442B-8EF7-78D683F38033}.Release|x64.Build.0 = Release|x64
		{3DB27293-B6BB-442B-8EF7-78D683F38033}.Release|x86.ActiveCfg = Release|Win32
		{3DB27293-B6BB-442B-8EF7-78D683F38033}.Release|x86.Build.0 = Release|Win32
		{A65A0C8A-D35F-44B2-A5F0-8CE555D3008E}.Debug|x64.ActiveCfg = Debug|x64
		{A65A0C8A-D35F-44B2-A5F0-8CE555D3008E}.Debug|x64.Build.0 = Debug|x64
		{A65A0C8A-D35F-44B2-A5F0-8CE555D3008E}.Debug|x86.ActiveCfg = Debug|Win32
		{A65A0C8A-D35F-44B2-A5F0-8CE555D3008E}.Debug|x86.Build.0 = Debug|Win32
		{A65A0C8A-D35F-44B2-A5F0-8CE555D3008E}.Release|x64.ActiveCfg = Release|x64
		{A65A0C8A-D35F-44B2-A5F0-8CE555D3008E}.Release|x64.Build.0 = Release|x64
		{A65A0C8A-D35F-44B2-A5F0-8CE555D3008E}.Release|x86.ActiveCfg = Release|Win32
		{A65A0C8A-D35F-44B2-A5F0-8CE555D3008E}.Release|x86.Build.0 = Release|Win32
		{7A20FF92-04F5-495E-BFB4-AAD6421FF946}.Debug|x64.ActiveCfg = Debug|x64
		{7A20FF92-04F5-495E-BFB4-AAD6421FF946}.Debug|x64.Build.0 = Debug|x64
		{7A20FF92-04F5-495E-BFB4-AAD6421FF946}.Debug|x86.ActiveCfg = Debug|Win32
		{7A20FF92-04F5-495E-BFB4-AAD6421FF946}.Debug|x86.Build.0 = Debug|Win32
		{7A20FF92-04F5-495E-BFB4-AAD6421FF946}.Release|x64.ActiveCfg = Release|x64
		{7A20FF92-04F5-495E-BFB4-AAD6421FF946}.Release|x64.Build.0 = Release|x64
		{7A20FF92-04F5-495E-BFB4-AAD6421FF946}.Release|x86.ActiveCfg = Release|Win32
		{7A20FF92-04F5-495E-BFB4-AAD6421FF946}.Release|x86.Build.0 = Release|Win32
		{74C01B9A-820C-4C9A-B163-BF96DF94B2BC}.Debug|x64.ActiveCfg = Debug|x64
		{74C01B9A-820C-4C9A-B163-BF96DF94B2BC}.Debug|x64.Build.0 = Debug|x64
		{74C01B9A-820C-4C9A-B163-BF96DF94B2BC}.Debug|x86.ActiveCfg = Debug|Win32
		{74C01B9A-820C-4C9A-B163-BF96DF94B2BC}.Debug|x86.Build.0 = Debug|Win32
		{74C01B9A-820C-4C9A-B163-BF96DF94B2BC}.Release|x64.ActiveCfg = Release|x64
		{74C01B9A-820C-4C9A-B163-BF96DF94B2BC}.Release|x64.Build.0 = Release|x64
		{74C01B9A-820C-4C9A-B163-BF96DF94B2BC}.Release|x86.ActiveCfg = Release|Win32
		{74C01B9A-820C-4C9A-B163-BF96DF94B2BC}.Release|x86.Build.0 = Release|Win32
		{0FAB72BC-1F89-46D1-BFEC-A0A698C240B5}.Debug|x64.ActiveCfg = Debug|x64
		{0FAB72BC-1F89-46D1-BFEC-A0A698C240B5}.Debug|x64.Build.0 = Debug|x64
		{0FAB72BC-1F89-46D1-BFEC-A0A698C240B5}.Debug|x86.ActiveCfg = Debug|Win32
		{0FAB72BC-1F89-46D1-BFEC-A0A698C240B5}.Debug|x86.Build.0 = Debug|Win32
		{0FAB72BC-1F89-46D1-BFEC-A0A698C240B5}.Release|x64.ActiveCfg = Release|x64
		{0FAB72BC-1F89-46D1-BFEC-A0A698C240B5}.Release|x64.Build.0 = Release|x64
		{0FAB72BC-1F89-46D1-BFEC-A0A698C240B5}.Release|x86.ActiveCfg = Release|Win32
		{0FAB72BC-1F89-46D1-BFEC-A0A698C240B5}.Release|x86.Build.0 = Release|Win32
		{6FDC8714-EF68-41D7-AB40-B55A983BC7E5}.Debug|x64.ActiveCfg = Debug|x64
		{6FDC8714-EF68-41D7-AB40-B55A983BC7E5}.Debug|x64.Build.0 = Debug|x64
		{6FDC8714-EF68-41D7-AB40-B55A983BC7E5}.Debug|x86.ActiveCfg = Debug|Win32
		{6FDC8714-EF68-41D7-AB40-B55A983BC7E5}.Debug|x86.Build.0 = Debug|Win32
		{6FDC8714-EF68-41D7-AB40-B55A983BC7E5}.Release|x64.ActiveCfg = Release|x64
		{6FDC8714-EF68-41D7-AB40-B55A983BC7E5}.Release|x64.Build.0 = Release|x64
		{6FDC8714-EF68-41D7-AB40-B55A983BC7E5}.Release|x86.ActiveCfg = Release|Win32
		{6FDC8714-EF68-41D7-AB40-B55A983BC7E5}.Release|x86.Build.0 = Release|Win32
		{BB2D9ED4-5BE4-4C07-8398-C1508C730038}.Debug|x64.ActiveCfg = Debug|x64
		{BB2D9ED4-5BE4-4C07-8398-C1508C730038}.Debug|x64.Build.0 = Debug|x64
		{BB2D9ED4-5BE4-4C07-8398-C1508C730038}.Debug|x86.ActiveCfg = Debug|Win32
		{BB2D9ED4-5BE4-4C07-8398-C1508C730038}.Debug|x86.Build.0 = Debug|Win32
		{BB2D9ED4-5BE4-4C07-8398-C1508C730038}.Release|x64.ActiveCfg = Release|x64
		{BB2D9ED4-5BE4-4C07-8398-C1508C730038}.Release|x64.Build.0 = Release|x64
		{BB2D9ED4-5BE4-4C07-8398-C1508C730038}.Release|x86.ActiveCfg = Release|Win32
		{BB2D9ED4-5BE4-4C07-8398-C1508C730038}.Release|x86.Build.0 = Release|Win32
		{E53FE021-5030-4ED1-8E51-1E4E97CFC55F}.Debug|x64.ActiveCfg = Debug|x64
		{E53FE021-5030-4ED1-8E51-1E4E97CFC55F}.Debug|x64.Build.0 = Debug|x64
		{E53FE021-5030-4ED1-8E51-1E4E97CFC55F}.Debug|x86.ActiveCfg = Debug|Win32
		{E53FE021-5030-4ED1-8E51-1E4E97CFC55F}.Debug|x86.Build.0 = Debug|Win32
		{E53FE021-5030-4ED1-8E51-1E4E97CFC55F}.Release|x64.ActiveCfg = Release|x64
		{E53FE021-5030-4ED1-8E51-1E4E97CFC55F}.Release|x64.Build.0 = Release|x64
		{E53FE021-5030-4ED1-8E51-1E4E97CFC55F}.Release|x86.ActiveCfg = Release|Win32
		{E53FE021-5030-4ED1-8E51-1E4E97CFC55F}.Release|x86.Build.0 = Release|Win32
		{EC86B284-92EA-4A2F-B9FF-3BAE4F1B76A1}.Debug|x64.ActiveCfg = Debug|x64
		{EC86B284-92EA-4A2F-B9FF-3BAE4F1B76A1}.Debug|x64.Build.0 = Debug|x64
		{EC86B284-92EA-4A2F-B9FF-3BAE4F1B76A1}.Debug|x86.ActiveCfg = Debug|Win32
		{EC86B284-92EA-4A2F-B9FF-3BAE4F1B76A1}.Debug|x86.Build.0 = Debug|Win32
		{EC86B284-92EA-4A2F-B9FF-3BAE4F1B76A1}.Release|x64.ActiveCfg = Release|x64
		{EC86B284-92EA-4A2F-B9FF-3BAE4F1B76A1}.Release|x64.Build.0 = Release|x64
		{EC86B284-92EA-4A2F-B9FF-3BAE4F1B76A1}.Release|x86.ActiveCfg = Release|Win32
		{EC86B284-92EA-4A2F-B9FF-3BAE4F1B76A1}.Release|x86.Build.0 = Release|Win32
		{A0E2E02A-73AE-4D37-9FAD-F3F5952F014C}.Debug|x64.ActiveCfg = Debug|x64
		{A0E2E02A-73AE-4D37-9FAD-F3F5952F014C}.Debug|x64.Build.0 = Debug|x64
		{A0E2E02A-73AE-4D37-9FAD-F3F5952F014C}.Debug|x86.ActiveCfg = Debug|Win32
		{A0E2E02A-73AE-4D37-9FAD-F3F5952F014C}.Debug|x86.Build.0 = Debug|Win32
		{A0E2E02A-73AE-4D37-9FAD-F3F5952F014C}.Release|x64.ActiveCfg = Release|x64
		{A0E2E02A-73AE-4D37-9FAD-F3F5952F014C}.Release|x64.Build.0 = Release|x64
		{A0E2E02A-73AE-4D37-9FAD-F3F5952F014C}.Release|x86.ActiveCfg = Release|Win32
		{A0E2E02A-73AE-4D37-9FAD-F3F5952F014C}.Release|x86.Build.0 = Release|Win32
		{B230E5F7-F6CD-4F11-A85C-B70353BA6D44}.Debug|x64.ActiveCfg = Debug|x64
		{B230E5F7-F6CD-4F11-A85C-B70353BA6D44}.Debug|x64.Build.0 = Debug|x64
		{B230E5F7-F6CD-4F11-A85C-B70353BA6D44}.Debug|x86.ActiveCfg = Debug|Win32
		{B230E5F7-F6CD-4F11-A85C-B70353BA6D44}.Debug|x86.Build.0 = Debug|Win32
		{B230E5F7-F6CD-4F11-A85C-B70353BA6D44}.Release|x64.ActiveCfg = Release|x64
		{B230E5F7-F6CD-4F11-A85C-B70353BA6D44}.Release|x64.Build.0 = Release|x64
		{B230E5F7-F6CD-4F11-A85C-B70353BA6D44}.Release|x86.ActiveCfg = Release|Win32
		{B230E5F7-F6CD-4F11-A85C-B70353BA6D44}.Release|x86.Build.0 = Release|Win32
		{F1F808F6-01B6-46FD-A49F-D3195A943B22}.Debug|x64.ActiveCfg = Debug|x64
		{F1F808F6-01B6-46FD-A49F-D3195A943B22}.Debug|x64.Build.0 = Debug|x64
		{F1F808F6-01B6-46FD-A49F-D3195A943B22}.Debug|x86.ActiveCfg = Debug|Win32
		{F1F808F6-01B6-46FD-A49F-D3195A943B22}.Debug|x86.Build.0 = Debug|Win32
		{F1F808F6-01B6-46FD-A49F-D3195A943B22}.Release|x64.ActiveCfg = Release|x64
		{F1F808F6-01B6-46FD-A49F-D3195A943B22}.Release|x64.Build.0 = Release|x64
		{F1F808F6-01B6-46FD-A49F-D3195A943B22}.Release|x86.ActiveCfg = Release|Win32
		{F1F808F6-01B6-46FD-A49F-D3195A943B22}.Release|x86.Build.0 = Release|Win32
		{39086659-6DF1-4CF3-8760-DD6828A595A9}.Debug|x64.ActiveCfg = Debug|x64
		{39086659-6DF1-4CF3-8760-DD6828A595A9}.Debug|x64.Build.0 = Debug|x64
		{39086659-6DF1-4CF3-8760-DD6828A595A9}.Debug|x86.ActiveCfg = Debug|Win32
		{39086659-6DF1-4CF3-8760-DD6828A595A9}.Debug|x86.Build.0 = Debug|Win32
		{39086659-6DF1-4CF3-8760-DD6828A595A9}.Release|x64.ActiveCfg = Release|x64
		{39086659-6DF1-4CF3-8760-DD6828A595A9}.Release|x64.Build.0 = Release|x64
		{39086659-6DF1-4CF3-8760-DD6828A595A9}.Release|x86.ActiveCfg = Release|Win32
		{39086659-6DF1-4CF3-8760-DD6828A595A9}.Release|x86.Build.0 = Release|Win32
		{354C0B36-1D83-4ABC-A6B5-AA0660A12E65}.Debug|x64.ActiveCfg = Debug|x64
		{354C0B36-1D83-4ABC-A6B5-AA0660A12E65}.Debug|x64.Build.0 = Debug|x64
		{354C0B36-1D83-4ABC-A6B5-AA0660A12E65}.Debug|x86.ActiveCfg = Debug|Win32
		{354C0B36-1D83-4ABC-A6B5-AA0660A12E65}.Debug|x86.Build.0 = Debug|Win32
		{354C0B36-1D83-4ABC-A6B5-AA0660A12E65}.Release|x64.ActiveCfg = Release|x64
		{354C0B36-1D83-4ABC-A6B5-AA0660A12E65}.Release|x64.Build.0 = Release|x64
		{354C0B36-1D83-4ABC-A6B5-AA0660A12E65}.Release|x86.ActiveCfg = Release|Win32
		{354C0B36-1D83-4ABC-A6B5-AA0660A12E65}.Release|x86.Build.0 = Release|Win32
		{3BC07CEE-889A-4374-85D7-15F09178DE19}.Debug|x64.ActiveCfg = Debug|x64
		{3BC07CEE-889A-4374-85D7-15F09178DE19}.Debug|x64.Build.0 = Debug|x64
		{3BC07CEE-889A-4374-85D7-15F09178DE19}.Debug|x86.ActiveCfg = Debug|Win32
		{3BC07CEE-889A-4374-85D7-15F09178DE19}.Debug|x86.Build.0 = Debug|Win32
		{3BC07CEE-889A-4374-85D7-15F09178DE19}.Release|x64.ActiveCfg = Release|x64
		{3BC07CEE-889A-4374-85D7-15F09178DE19}.Release|x64.Build.0 = Release|x64
		{3BC07CEE-889A-4374-85D7-15F09178DE19}.Release|x86.ActiveCfg = Release|Win32
		{3BC07CEE-889A-4374-85D7-15F09178DE19}.Release|x86.Build.0 = Release|Win32
	EndGlobalSection
	GlobalSection(SolutionProperties) = preSolution
		HideSolutionNode = FALSE
	EndGlobalSection
	GlobalSection(ExtensibilityGlobals) = postSolution
		SolutionGuid = {3B26D09D-CC25-4AFE-BEC9-55180D2BADAA}
	EndGlobalSection
EndGlobal
